
Microsoft Visual Studio Solution File, Format Version 12.00
# Visual Studio Version 16
VisualStudioVersion = 16.0.31702.278
MinimumVisualStudioVersion = 10.0.40219.1
Project("{FAE04EC0-301F-11D3-BF4B-00C04F79EFBC}") = "WinUI", "WinUI\WinUI.csproj", "{D1BFC29C-7D17-437C-A349-D8970DD55F40}"
EndProject
Project("{FAE04EC0-301F-11D3-BF4B-00C04F79EFBC}") = "PersonnelClassLibrary", "PersonnelClassLibrary\PersonnelClassLibrary.csproj", "{57EDE347-BAE7-4426-96F3-7AEE094B0DEC}"
EndProject
Global
	GlobalSection(SolutionConfigurationPlatforms) = preSolution
		Debug|Any CPU = Debug|Any CPU
		Release|Any CPU = Release|Any CPU
	EndGlobalSection
	GlobalSection(ProjectConfigurationPlatforms) = postSolution
		{D1BFC29C-7D17-437C-A349-D8970DD55F40}.Debug|Any CPU.ActiveCfg = Debug|Any CPU
		{D1BFC29C-7D17-437C-A349-D8970DD55F40}.Debug|Any CPU.Build.0 = Debug|Any CPU
		{D1BFC29C-7D17-437C-A349-D8970DD55F40}.Release|Any CPU.ActiveCfg = Release|Any CPU
		{D1BFC29C-7D17-437C-A349-D8970DD55F40}.Release|Any CPU.Build.0 = Release|Any CPU
		{57EDE347-BAE7-4426-96F3-7AEE094B0DEC}.Debug|Any CPU.ActiveCfg = Debug|Any CPU
		{57EDE347-BAE7-4426-96F3-7AEE094B0DEC}.Debug|Any CPU.Build.0 = Debug|Any CPU
		{57EDE347-BAE7-4426-96F3-7AEE094B0DEC}.Release|Any CPU.ActiveCfg = Release|Any CPU
		{57EDE347-BAE7-4426-96F3-7AEE094B0DEC}.Release|Any CPU.Build.0 = Release|Any CPU
	EndGlobalSection
	GlobalSection(SolutionProperties) = preSolution
		HideSolutionNode = FALSE
	EndGlobalSection
	GlobalSection(ExtensibilityGlobals) = postSolution
		SolutionGuid = {79573FE3-262C-4C46-B93B-26AC7D560897}
	EndGlobalSection
EndGlobal
