
Microsoft Visual Studio Solution File, Format Version 12.00
# Visual Studio Version 16
VisualStudioVersion = 16.0.31613.86
MinimumVisualStudioVersion = 10.0.40219.1
Project("{FAE04EC0-301F-11D3-BF4B-00C04F79EFBC}") = "WinUI", "WinUI\WinUI.csproj", "{93F3EED7-A773-4E1E-95A1-6E79F23AC765}"
EndProject
Project("{FAE04EC0-301F-11D3-BF4B-00C04F79EFBC}") = "PersonnelClassLibrary", "PersonnelClassLibrary\PersonnelClassLibrary.csproj", "{FA7D34B1-CEAD-4F79-B420-0AEB870633A2}"
EndProject
Global
	GlobalSection(SolutionConfigurationPlatforms) = preSolution
		Debug|Any CPU = Debug|Any CPU
		Release|Any CPU = Release|Any CPU
	EndGlobalSection
	GlobalSection(ProjectConfigurationPlatforms) = postSolution
		{93F3EED7-A773-4E1E-95A1-6E79F23AC765}.Debug|Any CPU.ActiveCfg = Debug|Any CPU
		{93F3EED7-A773-4E1E-95A1-6E79F23AC765}.Debug|Any CPU.Build.0 = Debug|Any CPU
		{93F3EED7-A773-4E1E-95A1-6E79F23AC765}.Release|Any CPU.ActiveCfg = Release|Any CPU
		{93F3EED7-A773-4E1E-95A1-6E79F23AC765}.Release|Any CPU.Build.0 = Release|Any CPU
		{FA7D34B1-CEAD-4F79-B420-0AEB870633A2}.Debug|Any CPU.ActiveCfg = Debug|Any CPU
		{FA7D34B1-CEAD-4F79-B420-0AEB870633A2}.Debug|Any CPU.Build.0 = Debug|Any CPU
		{FA7D34B1-CEAD-4F79-B420-0AEB870633A2}.Release|Any CPU.ActiveCfg = Release|Any CPU
		{FA7D34B1-CEAD-4F79-B420-0AEB870633A2}.Release|Any CPU.Build.0 = Release|Any CPU
	EndGlobalSection
	GlobalSection(SolutionProperties) = preSolution
		HideSolutionNode = FALSE
	EndGlobalSection
	GlobalSection(ExtensibilityGlobals) = postSolution
		SolutionGuid = {A1D5296C-2868-4FB3-99D2-524E6ECC6AD2}
	EndGlobalSection
EndGlobal
