
Microsoft Visual Studio Solution File, Format Version 12.00
# Visual Studio Version 16
VisualStudioVersion = 16.0.31613.86
MinimumVisualStudioVersion = 10.0.40219.1
Project("{FAE04EC0-301F-11D3-BF4B-00C04F79EFBC}") = "WinUI", "WinUI\WinUI.csproj", "{ACBA492C-A2E1-4917-9CCB-BD85404F30C4}"
EndProject
Project("{FAE04EC0-301F-11D3-BF4B-00C04F79EFBC}") = "CharacterClassLibrary", "CharacterClassLibrary\CharacterClassLibrary.csproj", "{0023AC56-AE3A-4406-A9F3-F92966B61D3C}"
EndProject
Global
	GlobalSection(SolutionConfigurationPlatforms) = preSolution
		Debug|Any CPU = Debug|Any CPU
		Release|Any CPU = Release|Any CPU
	EndGlobalSection
	GlobalSection(ProjectConfigurationPlatforms) = postSolution
		{ACBA492C-A2E1-4917-9CCB-BD85404F30C4}.Debug|Any CPU.ActiveCfg = Debug|Any CPU
		{ACBA492C-A2E1-4917-9CCB-BD85404F30C4}.Debug|Any CPU.Build.0 = Debug|Any CPU
		{ACBA492C-A2E1-4917-9CCB-BD85404F30C4}.Release|Any CPU.ActiveCfg = Release|Any CPU
		{ACBA492C-A2E1-4917-9CCB-BD85404F30C4}.Release|Any CPU.Build.0 = Release|Any CPU
		{0023AC56-AE3A-4406-A9F3-F92966B61D3C}.Debug|Any CPU.ActiveCfg = Debug|Any CPU
		{0023AC56-AE3A-4406-A9F3-F92966B61D3C}.Debug|Any CPU.Build.0 = Debug|Any CPU
		{0023AC56-AE3A-4406-A9F3-F92966B61D3C}.Release|Any CPU.ActiveCfg = Release|Any CPU
		{0023AC56-AE3A-4406-A9F3-F92966B61D3C}.Release|Any CPU.Build.0 = Release|Any CPU
	EndGlobalSection
	GlobalSection(SolutionProperties) = preSolution
		HideSolutionNode = FALSE
	EndGlobalSection
	GlobalSection(ExtensibilityGlobals) = postSolution
		SolutionGuid = {2F1F98AD-6B95-440B-AC48-9B0AF38EAAFE}
	EndGlobalSection
EndGlobal
