
Microsoft Visual Studio Solution File, Format Version 12.00
# Visual Studio Version 16
VisualStudioVersion = 16.0.31613.86
MinimumVisualStudioVersion = 10.0.40219.1
Project("{FAE04EC0-301F-11D3-BF4B-00C04F79EFBC}") = "WinUI", "WinUI\WinUI.csproj", "{EDDBAA1E-4B54-46CC-B006-B2AB4B395D1D}"
EndProject
Project("{FAE04EC0-301F-11D3-BF4B-00C04F79EFBC}") = "WordClassLibrary", "WordClassLibrary\WordClassLibrary.csproj", "{A66C0F27-D8A2-4E09-903B-2799DD73F058}"
EndProject
Global
	GlobalSection(SolutionConfigurationPlatforms) = preSolution
		Debug|Any CPU = Debug|Any CPU
		Release|Any CPU = Release|Any CPU
	EndGlobalSection
	GlobalSection(ProjectConfigurationPlatforms) = postSolution
		{EDDBAA1E-4B54-46CC-B006-B2AB4B395D1D}.Debug|Any CPU.ActiveCfg = Debug|Any CPU
		{EDDBAA1E-4B54-46CC-B006-B2AB4B395D1D}.Debug|Any CPU.Build.0 = Debug|Any CPU
		{EDDBAA1E-4B54-46CC-B006-B2AB4B395D1D}.Release|Any CPU.ActiveCfg = Release|Any CPU
		{EDDBAA1E-4B54-46CC-B006-B2AB4B395D1D}.Release|Any CPU.Build.0 = Release|Any CPU
		{A66C0F27-D8A2-4E09-903B-2799DD73F058}.Debug|Any CPU.ActiveCfg = Debug|Any CPU
		{A66C0F27-D8A2-4E09-903B-2799DD73F058}.Debug|Any CPU.Build.0 = Debug|Any CPU
		{A66C0F27-D8A2-4E09-903B-2799DD73F058}.Release|Any CPU.ActiveCfg = Release|Any CPU
		{A66C0F27-D8A2-4E09-903B-2799DD73F058}.Release|Any CPU.Build.0 = Release|Any CPU
	EndGlobalSection
	GlobalSection(SolutionProperties) = preSolution
		HideSolutionNode = FALSE
	EndGlobalSection
	GlobalSection(ExtensibilityGlobals) = postSolution
		SolutionGuid = {4C9C5C22-9F65-4636-8985-E5B9CBA35BD0}
	EndGlobalSection
EndGlobal
