
Microsoft Visual Studio Solution File, Format Version 12.00
# Visual Studio Version 16
VisualStudioVersion = 16.0.31313.79
MinimumVisualStudioVersion = 10.0.40219.1
Project("{FAE04EC0-301F-11D3-BF4B-00C04F79EFBC}") = "ConsoleUI", "ConsoleUI\ConsoleUI.csproj", "{0D688E88-1B45-4BB4-BD76-25ADA158DEE1}"
EndProject
Project("{FAE04EC0-301F-11D3-BF4B-00C04F79EFBC}") = "DemoDBLib", "DemoDBLib\DemoDBLib.csproj", "{29954EE1-FBAF-4279-98A4-CE7A768E28CD}"
EndProject
Project("{FAE04EC0-301F-11D3-BF4B-00C04F79EFBC}") = "WinUI", "WinUI\WinUI.csproj", "{F49F63C7-9569-4A59-8A97-B9E5C4AF81B0}"
EndProject
Global
	GlobalSection(SolutionConfigurationPlatforms) = preSolution
		Debug|Any CPU = Debug|Any CPU
		Release|Any CPU = Release|Any CPU
	EndGlobalSection
	GlobalSection(ProjectConfigurationPlatforms) = postSolution
		{0D688E88-1B45-4BB4-BD76-25ADA158DEE1}.Debug|Any CPU.ActiveCfg = Debug|Any CPU
		{0D688E88-1B45-4BB4-BD76-25ADA158DEE1}.Debug|Any CPU.Build.0 = Debug|Any CPU
		{0D688E88-1B45-4BB4-BD76-25ADA158DEE1}.Release|Any CPU.ActiveCfg = Release|Any CPU
		{0D688E88-1B45-4BB4-BD76-25ADA158DEE1}.Release|Any CPU.Build.0 = Release|Any CPU
		{29954EE1-FBAF-4279-98A4-CE7A768E28CD}.Debug|Any CPU.ActiveCfg = Debug|Any CPU
		{29954EE1-FBAF-4279-98A4-CE7A768E28CD}.Debug|Any CPU.Build.0 = Debug|Any CPU
		{29954EE1-FBAF-4279-98A4-CE7A768E28CD}.Release|Any CPU.ActiveCfg = Release|Any CPU
		{29954EE1-FBAF-4279-98A4-CE7A768E28CD}.Release|Any CPU.Build.0 = Release|Any CPU
		{F49F63C7-9569-4A59-8A97-B9E5C4AF81B0}.Debug|Any CPU.ActiveCfg = Debug|Any CPU
		{F49F63C7-9569-4A59-8A97-B9E5C4AF81B0}.Debug|Any CPU.Build.0 = Debug|Any CPU
		{F49F63C7-9569-4A59-8A97-B9E5C4AF81B0}.Release|Any CPU.ActiveCfg = Release|Any CPU
		{F49F63C7-9569-4A59-8A97-B9E5C4AF81B0}.Release|Any CPU.Build.0 = Release|Any CPU
	EndGlobalSection
	GlobalSection(SolutionProperties) = preSolution
		HideSolutionNode = FALSE
	EndGlobalSection
	GlobalSection(ExtensibilityGlobals) = postSolution
		SolutionGuid = {DEBC5F30-4CA7-47AD-89B0-E533CFCB198E}
	EndGlobalSection
EndGlobal
